
Microsoft Visual Studio Solution File, Format Version 12.00
# Visual Studio Version 17
VisualStudioVersion = 17.8.35230.98
MinimumVisualStudioVersion = 10.0.40219.1
Project("{FAE04EC0-301F-11D3-BF4B-00C04F79EFBC}") = "1112410012 3.14", "1112410012 3.14\1112410012 3.14.csproj", "{09E20535-5A5C-45BA-9AEE-D25791B66397}"
EndProject
Global
	GlobalSection(SolutionConfigurationPlatforms) = preSolution
		Debug|Any CPU = Debug|Any CPU
		Release|Any CPU = Release|Any CPU
	EndGlobalSection
	GlobalSection(ProjectConfigurationPlatforms) = postSolution
		{09E20535-5A5C-45BA-9AEE-D25791B66397}.Debug|Any CPU.ActiveCfg = Debug|Any CPU
		{09E20535-5A5C-45BA-9AEE-D25791B66397}.Debug|Any CPU.Build.0 = Debug|Any CPU
		{09E20535-5A5C-45BA-9AEE-D25791B66397}.Release|Any CPU.ActiveCfg = Release|Any CPU
		{09E20535-5A5C-45BA-9AEE-D25791B66397}.Release|Any CPU.Build.0 = Release|Any CPU
	EndGlobalSection
	GlobalSection(SolutionProperties) = preSolution
		HideSolutionNode = FALSE
	EndGlobalSection
	GlobalSection(ExtensibilityGlobals) = postSolution
		SolutionGuid = {60EAECEB-67C5-458B-A735-A53F57EB7CAC}
	EndGlobalSection
EndGlobal
